Microsoft Visual Studio Solution File, Format Version 12.00
# Visual Studio Version 17
VisualStudioVersion = 17.4.32916.344
MinimumVisualStudioVersion = 10.0.40219.1
Project("{FAE04EC0-301F-11D3-BF4B-00C04F79EFBC}") = "CryptTool", "CryptTool\CryptTool.csproj", "{553DC724-FD09-43C2-AA03-472CFCCA2035}"
EndProject
Project("{FAE04EC0-301F-11D3-BF4B-00C04F79EFBC}") = "ConsoleApp1", "ConsoleApp1\ConsoleApp1.csproj", "{E8ACA5F0-D44B-44B6-B147-E534E904D0A7}"
EndProject
Project("{FAE04EC0-301F-11D3-BF4B-00C04F79EFBC}") = "CryptoTool.Core", "CryptoTool.Core\CryptoTool.Core.csproj", "{89D64BD0-4A2E-4F2C-B666-6C485A4B40A8}"
EndProject
Global
	GlobalSection(SolutionConfigurationPlatforms) = preSolution
		Debug|Any CPU = Debug|Any CPU
		Release|Any CPU = Release|Any CPU
	EndGlobalSection
	GlobalSection(ProjectConfigurationPlatforms) = postSolution
		{553DC724-FD09-43C2-AA03-472CFCCA2035}.Debug|Any CPU.ActiveCfg = Debug|Any CPU
		{553DC724-FD09-43C2-AA03-472CFCCA2035}.Debug|Any CPU.Build.0 = Debug|Any CPU
		{553DC724-FD09-43C2-AA03-472CFCCA2035}.Release|Any CPU.ActiveCfg = Release|Any CPU
		{553DC724-FD09-43C2-AA03-472CFCCA2035}.Release|Any CPU.Build.0 = Release|Any CPU
		{E8ACA5F0-D44B-44B6-B147-E534E904D0A7}.Debug|Any CPU.ActiveCfg = Debug|Any CPU
		{E8ACA5F0-D44B-44B6-B147-E534E904D0A7}.Debug|Any CPU.Build.0 = Debug|Any CPU
		{E8ACA5F0-D44B-44B6-B147-E534E904D0A7}.Release|Any CPU.ActiveCfg = Release|Any CPU
		{E8ACA5F0-D44B-44B6-B147-E534E904D0A7}.Release|Any CPU.Build.0 = Release|Any CPU
		{89D64BD0-4A2E-4F2C-B666-6C485A4B40A8}.Debug|Any CPU.ActiveCfg = Debug|Any CPU
		{89D64BD0-4A2E-4F2C-B666-6C485A4B40A8}.Debug|Any CPU.Build.0 = Debug|Any CPU
		{89D64BD0-4A2E-4F2C-B666-6C485A4B40A8}.Release|Any CPU.ActiveCfg = Release|Any CPU
		{89D64BD0-4A2E-4F2C-B666-6C485A4B40A8}.Release|Any CPU.Build.0 = Release|Any CPU
	EndGlobalSection
	GlobalSection(SolutionProperties) = preSolution
		HideSolutionNode = FALSE
	EndGlobalSection
	GlobalSection(ExtensibilityGlobals) = postSolution
		SolutionGuid = {F28CA59A-A6E0-4CB4-A8D2-8827D5D63392}
	EndGlobalSection
EndGlobal
